
Microsoft Visual Studio Solution File, Format Version 12.00
# Visual Studio Version 16
VisualStudioVersion = 16.0.29230.61
MinimumVisualStudioVersion = 10.0.40219.1
Project("{FAE04EC0-301F-11D3-BF4B-00C04F79EFBC}") = "TestPlugin", "IPA Plugins\TestPlugin\TestPlugin.csproj", "{AABA5E69-23CD-48CB-97DF-59730F61A45D}"
EndProject
Project("{FAE04EC0-301F-11D3-BF4B-00C04F79EFBC}") = "Assembly-CSharp", "Decompiled\Assembly-CSharp\Assembly-CSharp\Assembly-CSharp.csproj", "{F48BD17F-3132-429F-B988-0A1B21ED8FC5}"
EndProject
Project("{FAE04EC0-301F-11D3-BF4B-00C04F79EFBC}") = "Doorstop", "Doorstep\Doorstop.csproj", "{A5C1D6C6-C9DA-4380-9F60-20808AAA05C1}"
EndProject
Project("{FAE04EC0-301F-11D3-BF4B-00C04F79EFBC}") = "UnhandledExceptionHandler", "G:\Download\UHES\UnhandledExceptionsShower\UnhandledExceptionHandler.csproj", "{16E3F076-0420-44EE-ADC5-ADF5F3E657F4}"
EndProject
Project("{FAE04EC0-301F-11D3-BF4B-00C04F79EFBC}") = "JustEmuTarkov", "IPA Plugins\JustEmuTarkov\JustEmuTarkov.csproj", "{41328A6A-B725-494A-BDB3-CEF0D94DC04C}"
EndProject
Project("{FAE04EC0-301F-11D3-BF4B-00C04F79EFBC}") = "IPA", "..\IPA\IPA\IPA.csproj", "{14092533-98BB-40A4-9AFC-27BB75672A70}"
EndProject
Project("{FAE04EC0-301F-11D3-BF4B-00C04F79EFBC}") = "IPA Test", "IPA Test\IPA Test.csproj", "{4EF9C4E5-5905-451B-8EF8-9DA96527D20B}"
EndProject
Project("{FAE04EC0-301F-11D3-BF4B-00C04F79EFBC}") = "VRCDiscordPresence", "..\VRChat\Mods\_DECOMPILED\VRCDiscordPresence\VRCDiscordPresence.csproj", "{41BF3FE3-DFC6-4865-9001-365FE16460FF}"
EndProject
Project("{FAE04EC0-301F-11D3-BF4B-00C04F79EFBC}") = "EFTDiscordPresence", "IPA Plugins\EFTDiscordPresence\EFTDiscordPresence.csproj", "{FCD94054-A094-42BE-B6A8-851A6533B744}"
EndProject
Global
	GlobalSection(SolutionConfigurationPlatforms) = preSolution
		Debug|Any CPU = Debug|Any CPU
		Debug|x64 = Debug|x64
		Debug|x86 = Debug|x86
		Release|Any CPU = Release|Any CPU
		Release|x64 = Release|x64
		Release|x86 = Release|x86
	EndGlobalSection
	GlobalSection(ProjectConfigurationPlatforms) = postSolution
		{AABA5E69-23CD-48CB-97DF-59730F61A45D}.Debug|Any CPU.ActiveCfg = Debug|Any CPU
		{AABA5E69-23CD-48CB-97DF-59730F61A45D}.Debug|Any CPU.Build.0 = Debug|Any CPU
		{AABA5E69-23CD-48CB-97DF-59730F61A45D}.Debug|x64.ActiveCfg = Debug|Any CPU
		{AABA5E69-23CD-48CB-97DF-59730F61A45D}.Debug|x64.Build.0 = Debug|Any CPU
		{AABA5E69-23CD-48CB-97DF-59730F61A45D}.Debug|x86.ActiveCfg = Debug|Any CPU
		{AABA5E69-23CD-48CB-97DF-59730F61A45D}.Debug|x86.Build.0 = Debug|Any CPU
		{AABA5E69-23CD-48CB-97DF-59730F61A45D}.Release|Any CPU.ActiveCfg = Release|Any CPU
		{AABA5E69-23CD-48CB-97DF-59730F61A45D}.Release|Any CPU.Build.0 = Release|Any CPU
		{AABA5E69-23CD-48CB-97DF-59730F61A45D}.Release|x64.ActiveCfg = Release|Any CPU
		{AABA5E69-23CD-48CB-97DF-59730F61A45D}.Release|x64.Build.0 = Release|Any CPU
		{AABA5E69-23CD-48CB-97DF-59730F61A45D}.Release|x86.ActiveCfg = Release|Any CPU
		{AABA5E69-23CD-48CB-97DF-59730F61A45D}.Release|x86.Build.0 = Release|Any CPU
		{F48BD17F-3132-429F-B988-0A1B21ED8FC5}.Debug|Any CPU.ActiveCfg = Debug|Any CPU
		{F48BD17F-3132-429F-B988-0A1B21ED8FC5}.Debug|Any CPU.Build.0 = Debug|Any CPU
		{F48BD17F-3132-429F-B988-0A1B21ED8FC5}.Debug|x64.ActiveCfg = Debug|Any CPU
		{F48BD17F-3132-429F-B988-0A1B21ED8FC5}.Debug|x86.ActiveCfg = Debug|Any CPU
		{F48BD17F-3132-429F-B988-0A1B21ED8FC5}.Release|Any CPU.ActiveCfg = Release|Any CPU
		{F48BD17F-3132-429F-B988-0A1B21ED8FC5}.Release|Any CPU.Build.0 = Release|Any CPU
		{F48BD17F-3132-429F-B988-0A1B21ED8FC5}.Release|x64.ActiveCfg = Release|Any CPU
		{F48BD17F-3132-429F-B988-0A1B21ED8FC5}.Release|x86.ActiveCfg = Release|Any CPU
		{A5C1D6C6-C9DA-4380-9F60-20808AAA05C1}.Debug|Any CPU.ActiveCfg = Debug|Any CPU
		{A5C1D6C6-C9DA-4380-9F60-20808AAA05C1}.Debug|Any CPU.Build.0 = Debug|Any CPU
		{A5C1D6C6-C9DA-4380-9F60-20808AAA05C1}.Debug|x64.ActiveCfg = Debug|Any CPU
		{A5C1D6C6-C9DA-4380-9F60-20808AAA05C1}.Debug|x64.Build.0 = Debug|Any CPU
		{A5C1D6C6-C9DA-4380-9F60-20808AAA05C1}.Debug|x86.ActiveCfg = Debug|Any CPU
		{A5C1D6C6-C9DA-4380-9F60-20808AAA05C1}.Debug|x86.Build.0 = Debug|Any CPU
		{A5C1D6C6-C9DA-4380-9F60-20808AAA05C1}.Release|Any CPU.ActiveCfg = Release|Any CPU
		{A5C1D6C6-C9DA-4380-9F60-20808AAA05C1}.Release|Any CPU.Build.0 = Release|Any CPU
		{A5C1D6C6-C9DA-4380-9F60-20808AAA05C1}.Release|x64.ActiveCfg = Release|Any CPU
		{A5C1D6C6-C9DA-4380-9F60-20808AAA05C1}.Release|x64.Build.0 = Release|Any CPU
		{A5C1D6C6-C9DA-4380-9F60-20808AAA05C1}.Release|x86.ActiveCfg = Release|Any CPU
		{A5C1D6C6-C9DA-4380-9F60-20808AAA05C1}.Release|x86.Build.0 = Release|Any CPU
		{16E3F076-0420-44EE-ADC5-ADF5F3E657F4}.Debug|Any CPU.ActiveCfg = Debug|Any CPU
		{16E3F076-0420-44EE-ADC5-ADF5F3E657F4}.Debug|Any CPU.Build.0 = Debug|Any CPU
		{16E3F076-0420-44EE-ADC5-ADF5F3E657F4}.Debug|x64.ActiveCfg = Debug|x64
		{16E3F076-0420-44EE-ADC5-ADF5F3E657F4}.Debug|x64.Build.0 = Debug|x64
		{16E3F076-0420-44EE-ADC5-ADF5F3E657F4}.Debug|x86.ActiveCfg = Debug|x86
		{16E3F076-0420-44EE-ADC5-ADF5F3E657F4}.Debug|x86.Build.0 = Debug|x86
		{16E3F076-0420-44EE-ADC5-ADF5F3E657F4}.Release|Any CPU.ActiveCfg = Release|Any CPU
		{16E3F076-0420-44EE-ADC5-ADF5F3E657F4}.Release|Any CPU.Build.0 = Release|Any CPU
		{16E3F076-0420-44EE-ADC5-ADF5F3E657F4}.Release|x64.ActiveCfg = Release|x64
		{16E3F076-0420-44EE-ADC5-ADF5F3E657F4}.Release|x64.Build.0 = Release|x64
		{16E3F076-0420-44EE-ADC5-ADF5F3E657F4}.Release|x86.ActiveCfg = Release|x86
		{16E3F076-0420-44EE-ADC5-ADF5F3E657F4}.Release|x86.Build.0 = Release|x86
		{41328A6A-B725-494A-BDB3-CEF0D94DC04C}.Debug|Any CPU.ActiveCfg = Debug|Any CPU
		{41328A6A-B725-494A-BDB3-CEF0D94DC04C}.Debug|Any CPU.Build.0 = Debug|Any CPU
		{41328A6A-B725-494A-BDB3-CEF0D94DC04C}.Debug|x64.ActiveCfg = Debug|Any CPU
		{41328A6A-B725-494A-BDB3-CEF0D94DC04C}.Debug|x64.Build.0 = Debug|Any CPU
		{41328A6A-B725-494A-BDB3-CEF0D94DC04C}.Debug|x86.ActiveCfg = Debug|Any CPU
		{41328A6A-B725-494A-BDB3-CEF0D94DC04C}.Debug|x86.Build.0 = Debug|Any CPU
		{41328A6A-B725-494A-BDB3-CEF0D94DC04C}.Release|Any CPU.ActiveCfg = Release|Any CPU
		{41328A6A-B725-494A-BDB3-CEF0D94DC04C}.Release|Any CPU.Build.0 = Release|Any CPU
		{41328A6A-B725-494A-BDB3-CEF0D94DC04C}.Release|x64.ActiveCfg = Release|Any CPU
		{41328A6A-B725-494A-BDB3-CEF0D94DC04C}.Release|x64.Build.0 = Release|Any CPU
		{41328A6A-B725-494A-BDB3-CEF0D94DC04C}.Release|x86.ActiveCfg = Release|Any CPU
		{41328A6A-B725-494A-BDB3-CEF0D94DC04C}.Release|x86.Build.0 = Release|Any CPU
		{14092533-98BB-40A4-9AFC-27BB75672A70}.Debug|Any CPU.ActiveCfg = Debug|Any CPU
		{14092533-98BB-40A4-9AFC-27BB75672A70}.Debug|Any CPU.Build.0 = Debug|Any CPU
		{14092533-98BB-40A4-9AFC-27BB75672A70}.Debug|x64.ActiveCfg = Debug|Any CPU
		{14092533-98BB-40A4-9AFC-27BB75672A70}.Debug|x64.Build.0 = Debug|Any CPU
		{14092533-98BB-40A4-9AFC-27BB75672A70}.Debug|x86.ActiveCfg = Debug|Any CPU
		{14092533-98BB-40A4-9AFC-27BB75672A70}.Debug|x86.Build.0 = Debug|Any CPU
		{14092533-98BB-40A4-9AFC-27BB75672A70}.Release|Any CPU.ActiveCfg = Release|Any CPU
		{14092533-98BB-40A4-9AFC-27BB75672A70}.Release|Any CPU.Build.0 = Release|Any CPU
		{14092533-98BB-40A4-9AFC-27BB75672A70}.Release|x64.ActiveCfg = Release|Any CPU
		{14092533-98BB-40A4-9AFC-27BB75672A70}.Release|x64.Build.0 = Release|Any CPU
		{14092533-98BB-40A4-9AFC-27BB75672A70}.Release|x86.ActiveCfg = Release|Any CPU
		{14092533-98BB-40A4-9AFC-27BB75672A70}.Release|x86.Build.0 = Release|Any CPU
		{4EF9C4E5-5905-451B-8EF8-9DA96527D20B}.Debug|Any CPU.ActiveCfg = Debug|Any CPU
		{4EF9C4E5-5905-451B-8EF8-9DA96527D20B}.Debug|Any CPU.Build.0 = Debug|Any CPU
		{4EF9C4E5-5905-451B-8EF8-9DA96527D20B}.Debug|x64.ActiveCfg = Debug|Any CPU
		{4EF9C4E5-5905-451B-8EF8-9DA96527D20B}.Debug|x64.Build.0 = Debug|Any CPU
		{4EF9C4E5-5905-451B-8EF8-9DA96527D20B}.Debug|x86.ActiveCfg = Debug|Any CPU
		{4EF9C4E5-5905-451B-8EF8-9DA96527D20B}.Debug|x86.Build.0 = Debug|Any CPU
		{4EF9C4E5-5905-451B-8EF8-9DA96527D20B}.Release|Any CPU.ActiveCfg = Release|Any CPU
		{4EF9C4E5-5905-451B-8EF8-9DA96527D20B}.Release|Any CPU.Build.0 = Release|Any CPU
		{4EF9C4E5-5905-451B-8EF8-9DA96527D20B}.Release|x64.ActiveCfg = Release|Any CPU
		{4EF9C4E5-5905-451B-8EF8-9DA96527D20B}.Release|x64.Build.0 = Release|Any CPU
		{4EF9C4E5-5905-451B-8EF8-9DA96527D20B}.Release|x86.ActiveCfg = Release|Any CPU
		{4EF9C4E5-5905-451B-8EF8-9DA96527D20B}.Release|x86.Build.0 = Release|Any CPU
		{41BF3FE3-DFC6-4865-9001-365FE16460FF}.Debug|Any CPU.ActiveCfg = Debug|Any CPU
		{41BF3FE3-DFC6-4865-9001-365FE16460FF}.Debug|Any CPU.Build.0 = Debug|Any CPU
		{41BF3FE3-DFC6-4865-9001-365FE16460FF}.Debug|x64.ActiveCfg = Debug|Any CPU
		{41BF3FE3-DFC6-4865-9001-365FE16460FF}.Debug|x64.Build.0 = Debug|Any CPU
		{41BF3FE3-DFC6-4865-9001-365FE16460FF}.Debug|x86.ActiveCfg = Debug|Any CPU
		{41BF3FE3-DFC6-4865-9001-365FE16460FF}.Debug|x86.Build.0 = Debug|Any CPU
		{41BF3FE3-DFC6-4865-9001-365FE16460FF}.Release|Any CPU.ActiveCfg = Release|Any CPU
		{41BF3FE3-DFC6-4865-9001-365FE16460FF}.Release|Any CPU.Build.0 = Release|Any CPU
		{41BF3FE3-DFC6-4865-9001-365FE16460FF}.Release|x64.ActiveCfg = Release|Any CPU
		{41BF3FE3-DFC6-4865-9001-365FE16460FF}.Release|x64.Build.0 = Release|Any CPU
		{41BF3FE3-DFC6-4865-9001-365FE16460FF}.Release|x86.ActiveCfg = Release|Any CPU
		{41BF3FE3-DFC6-4865-9001-365FE16460FF}.Release|x86.Build.0 = Release|Any CPU
		{FCD94054-A094-42BE-B6A8-851A6533B744}.Debug|Any CPU.ActiveCfg = Debug|Any CPU
		{FCD94054-A094-42BE-B6A8-851A6533B744}.Debug|Any CPU.Build.0 = Debug|Any CPU
		{FCD94054-A094-42BE-B6A8-851A6533B744}.Debug|x64.ActiveCfg = Debug|Any CPU
		{FCD94054-A094-42BE-B6A8-851A6533B744}.Debug|x64.Build.0 = Debug|Any CPU
		{FCD94054-A094-42BE-B6A8-851A6533B744}.Debug|x86.ActiveCfg = Debug|Any CPU
		{FCD94054-A094-42BE-B6A8-851A6533B744}.Debug|x86.Build.0 = Debug|Any CPU
		{FCD94054-A094-42BE-B6A8-851A6533B744}.Release|Any CPU.ActiveCfg = Release|Any CPU
		{FCD94054-A094-42BE-B6A8-851A6533B744}.Release|Any CPU.Build.0 = Release|Any CPU
		{FCD94054-A094-42BE-B6A8-851A6533B744}.Release|x64.ActiveCfg = Release|Any CPU
		{FCD94054-A094-42BE-B6A8-851A6533B744}.Release|x64.Build.0 = Release|Any CPU
		{FCD94054-A094-42BE-B6A8-851A6533B744}.Release|x86.ActiveCfg = Release|Any CPU
		{FCD94054-A094-42BE-B6A8-851A6533B744}.Release|x86.Build.0 = Release|Any CPU
	EndGlobalSection
	GlobalSection(SolutionProperties) = preSolution
		HideSolutionNode = FALSE
	EndGlobalSection
	GlobalSection(ExtensibilityGlobals) = postSolution
		SolutionGuid = {5C8B4246-7739-492C-96DC-362D48A0D306}
	EndGlobalSection
EndGlobal
